
Microsoft Visual Studio Solution File, Format Version 12.00
# Visual Studio Version 17
VisualStudioVersion = 17.1.32210.238
MinimumVisualStudioVersion = 10.0.40219.1
Project("{9A19103F-16F7-4668-BE54-9A1E7A4F7556}") = "Heyday.Api.Main", "src\Heyday.Api.Main\Heyday.Api.Main.csproj", "{227AAD88-D973-4CF8-9AE6-B17B8E90304D}"
EndProject
Project("{9A19103F-16F7-4668-BE54-9A1E7A4F7556}") = "Heyday.Domain", "src\Core\Heyday.Domain\Heyday.Domain.csproj", "{82337503-8832-4A31-9DA7-F7F75FBDB855}"
EndProject
Project("{2150E333-8FDC-42A3-9474-1A3956D46DE8}") = "Core", "Core", "{20CD1DCA-67F3-433E-A946-0A08A22E0070}"
EndProject
Project("{2150E333-8FDC-42A3-9474-1A3956D46DE8}") = "src", "src", "{D170301E-2D94-4394-920B-558A7CA7CD14}"
EndProject
Project("{FAE04EC0-301F-11D3-BF4B-00C04F79EFBC}") = "Heyday.Application", "src\Core\Heyday.Application\Heyday.Application.csproj", "{FBBA8F5E-B9AF-417F-8020-2EA65150ED22}"
EndProject
Project("{FAE04EC0-301F-11D3-BF4B-00C04F79EFBC}") = "Heyday.Infrastructure", "src\Heyday.Infrastructure\Heyday.Infrastructure.csproj", "{5411B9B4-443B-4B64-A2A9-4667A1199060}"
EndProject
Global
	GlobalSection(SolutionConfigurationPlatforms) = preSolution
		Debug|Any CPU = Debug|Any CPU
		Release|Any CPU = Release|Any CPU
	EndGlobalSection
	GlobalSection(ProjectConfigurationPlatforms) = postSolution
		{227AAD88-D973-4CF8-9AE6-B17B8E90304D}.Debug|Any CPU.ActiveCfg = Debug|Any CPU
		{227AAD88-D973-4CF8-9AE6-B17B8E90304D}.Debug|Any CPU.Build.0 = Debug|Any CPU
		{227AAD88-D973-4CF8-9AE6-B17B8E90304D}.Release|Any CPU.ActiveCfg = Release|Any CPU
		{227AAD88-D973-4CF8-9AE6-B17B8E90304D}.Release|Any CPU.Build.0 = Release|Any CPU
		{82337503-8832-4A31-9DA7-F7F75FBDB855}.Debug|Any CPU.ActiveCfg = Debug|Any CPU
		{82337503-8832-4A31-9DA7-F7F75FBDB855}.Debug|Any CPU.Build.0 = Debug|Any CPU
		{82337503-8832-4A31-9DA7-F7F75FBDB855}.Release|Any CPU.ActiveCfg = Release|Any CPU
		{82337503-8832-4A31-9DA7-F7F75FBDB855}.Release|Any CPU.Build.0 = Release|Any CPU
		{FBBA8F5E-B9AF-417F-8020-2EA65150ED22}.Debug|Any CPU.ActiveCfg = Debug|Any CPU
		{FBBA8F5E-B9AF-417F-8020-2EA65150ED22}.Debug|Any CPU.Build.0 = Debug|Any CPU
		{FBBA8F5E-B9AF-417F-8020-2EA65150ED22}.Release|Any CPU.ActiveCfg = Release|Any CPU
		{FBBA8F5E-B9AF-417F-8020-2EA65150ED22}.Release|Any CPU.Build.0 = Release|Any CPU
		{5411B9B4-443B-4B64-A2A9-4667A1199060}.Debug|Any CPU.ActiveCfg = Debug|Any CPU
		{5411B9B4-443B-4B64-A2A9-4667A1199060}.Debug|Any CPU.Build.0 = Debug|Any CPU
		{5411B9B4-443B-4B64-A2A9-4667A1199060}.Release|Any CPU.ActiveCfg = Release|Any CPU
		{5411B9B4-443B-4B64-A2A9-4667A1199060}.Release|Any CPU.Build.0 = Release|Any CPU
	EndGlobalSection
	GlobalSection(SolutionProperties) = preSolution
		HideSolutionNode = FALSE
	EndGlobalSection
	GlobalSection(NestedProjects) = preSolution
		{227AAD88-D973-4CF8-9AE6-B17B8E90304D} = {D170301E-2D94-4394-920B-558A7CA7CD14}
		{82337503-8832-4A31-9DA7-F7F75FBDB855} = {20CD1DCA-67F3-433E-A946-0A08A22E0070}
		{20CD1DCA-67F3-433E-A946-0A08A22E0070} = {D170301E-2D94-4394-920B-558A7CA7CD14}
		{FBBA8F5E-B9AF-417F-8020-2EA65150ED22} = {20CD1DCA-67F3-433E-A946-0A08A22E0070}
		{5411B9B4-443B-4B64-A2A9-4667A1199060} = {D170301E-2D94-4394-920B-558A7CA7CD14}
	EndGlobalSection
	GlobalSection(ExtensibilityGlobals) = postSolution
		SolutionGuid = {0D0937F4-525C-416C-87C8-F8E386CB9FEB}
	EndGlobalSection
EndGlobal
